// !$*UTF8*$!
{
	archiveVersion = 1;
	classes = {
	};
	objectVersion = 56;
	objects = {

/* Begin PBXBuildFile section */
		464288072B30EE670091D351 /* ViewControllerThird.swift in Sources */ = {isa = PBXBuildFile; fileRef = 464288062B30EE670091D351 /* ViewControllerThird.swift */; };
		46856B332B320728007B1A9F /* AnimationProvider.swift in Sources */ = {isa = PBXBuildFile; fileRef = 46856B322B320728007B1A9F /* AnimationProvider.swift */; };
		46856B352B32091E007B1A9F /* ViewControllerAnimaitonExtensions.swift in Sources */ = {isa = PBXBuildFile; fileRef = 46856B342B32091E007B1A9F /* ViewControllerAnimaitonExtensions.swift */; };
		4692B73A2AC48BB700A7FB8F /* AppDelegate.swift in Sources */ = {isa = PBXBuildFile; fileRef = 4692B7392AC48BB700A7FB8F /* AppDelegate.swift */; };
		4692B73C2AC48BB700A7FB8F /* SceneDelegate.swift in Sources */ = {isa = PBXBuildFile; fileRef = 4692B73B2AC48BB700A7FB8F /* SceneDelegate.swift */; };
		4692B73E2AC48BB700A7FB8F /* ViewControllerFirst.swift in Sources */ = {isa = PBXBuildFile; fileRef = 4692B73D2AC48BB700A7FB8F /* ViewControllerFirst.swift */; };
		4692B7432AC48BB800A7FB8F /* Assets.xcassets in Resources */ = {isa = PBXBuildFile; fileRef = 4692B7422AC48BB800A7FB8F /* Assets.xcassets */; };
		4692B7462AC48BB800A7FB8F /* LaunchScreen.storyboard in Resources */ = {isa = PBXBuildFile; fileRef = 4692B7442AC48BB800A7FB8F /* LaunchScreen.storyboard */; };
		46ECA5832B2BB95900BEB124 /* ViewControllerSecond.swift in Sources */ = {isa = PBXBuildFile; fileRef = 46ECA5822B2BB95900BEB124 /* ViewControllerSecond.swift */; };
		46ECA5852B2BC2E000BEB124 /* SlideInAnimation.swift in Sources */ = {isa = PBXBuildFile; fileRef = 46ECA5842B2BC2E000BEB124 /* SlideInAnimation.swift */; };
/* End PBXBuildFile section */

/* Begin PBXFileReference section */
		464288062B30EE670091D351 /* ViewControllerThird.swift */ = {isa = PBXFileReference; lastKnownFileType = sourcecode.swift; path = ViewControllerThird.swift; sourceTree = "<group>"; };
		46856B322B320728007B1A9F /* AnimationProvider.swift */ = {isa = PBXFileReference; lastKnownFileType = sourcecode.swift; path = AnimationProvider.swift; sourceTree = "<group>"; };
		46856B342B32091E007B1A9F /* ViewControllerAnimaitonExtensions.swift */ = {isa = PBXFileReference; lastKnownFileType = sourcecode.swift; path = ViewControllerAnimaitonExtensions.swift; sourceTree = "<group>"; };
		4692B7362AC48BB700A7FB8F /* SlideAnimationTest.app */ = {isa = PBXFileReference; explicitFileType = wrapper.application; includeInIndex = 0; path = SlideAnimationTest.app; sourceTree = BUILT_PRODUCTS_DIR; };
		4692B7392AC48BB700A7FB8F /* AppDelegate.swift */ = {isa = PBXFileReference; lastKnownFileType = sourcecode.swift; path = AppDelegate.swift; sourceTree = "<group>"; };
		4692B73B2AC48BB700A7FB8F /* SceneDelegate.swift */ = {isa = PBXFileReference; lastKnownFileType = sourcecode.swift; path = SceneDelegate.swift; sourceTree = "<group>"; };
		4692B73D2AC48BB700A7FB8F /* ViewControllerFirst.swift */ = {isa = PBXFileReference; lastKnownFileType = sourcecode.swift; path = ViewControllerFirst.swift; sourceTree = "<group>"; };
		4692B7422AC48BB800A7FB8F /* Assets.xcassets */ = {isa = PBXFileReference; lastKnownFileType = folder.assetcatalog; path = Assets.xcassets; sourceTree = "<group>"; };
		4692B7452AC48BB800A7FB8F /* Base */ = {isa = PBXFileReference; lastKnownFileType = file.storyboard; name = Base; path = Base.lproj/LaunchScreen.storyboard; sourceTree = "<group>"; };
		4692B7472AC48BB800A7FB8F /* Info.plist */ = {isa = PBXFileReference; lastKnownFileType = text.plist.xml; path = Info.plist; sourceTree = "<group>"; };
		46ECA5822B2BB95900BEB124 /* ViewControllerSecond.swift */ = {isa = PBXFileReference; lastKnownFileType = sourcecode.swift; path = ViewControllerSecond.swift; sourceTree = "<group>"; };
		46ECA5842B2BC2E000BEB124 /* SlideInAnimation.swift */ = {isa = PBXFileReference; lastKnownFileType = sourcecode.swift; path = SlideInAnimation.swift; sourceTree = "<group>"; };
/* End PBXFileReference section */

/* Begin PBXFrameworksBuildPhase section */
		4692B7332AC48BB700A7FB8F /* Frameworks */ = {
			isa = PBXFrameworksBuildPhase;
			buildActionMask = 2147483647;
			files = (
			);
			runOnlyForDeploymentPostprocessing = 0;
		};
/* End PBXFrameworksBuildPhase section */

/* Begin PBXGroup section */
		4692B72D2AC48BB700A7FB8F = {
			isa = PBXGroup;
			children = (
				4692B7382AC48BB700A7FB8F /* SlideAnimationTest */,
				4692B7372AC48BB700A7FB8F /* Products */,
			);
			sourceTree = "<group>";
		};
		4692B7372AC48BB700A7FB8F /* Products */ = {
			isa = PBXGroup;
			children = (
				4692B7362AC48BB700A7FB8F /* SlideAnimationTest.app */,
			);
			name = Products;
			sourceTree = "<group>";
		};
		4692B7382AC48BB700A7FB8F /* SlideAnimationTest */ = {
			isa = PBXGroup;
			children = (
				4692B7392AC48BB700A7FB8F /* AppDelegate.swift */,
				4692B73B2AC48BB700A7FB8F /* SceneDelegate.swift */,
				4692B73D2AC48BB700A7FB8F /* ViewControllerFirst.swift */,
				46ECA5822B2BB95900BEB124 /* ViewControllerSecond.swift */,
				464288062B30EE670091D351 /* ViewControllerThird.swift */,
				46ECA5842B2BC2E000BEB124 /* SlideInAnimation.swift */,
				46856B322B320728007B1A9F /* AnimationProvider.swift */,
				46856B342B32091E007B1A9F /* ViewControllerAnimaitonExtensions.swift */,
				4692B7422AC48BB800A7FB8F /* Assets.xcassets */,
				4692B7442AC48BB800A7FB8F /* LaunchScreen.storyboard */,
				4692B7472AC48BB800A7FB8F /* Info.plist */,
			);
			path = SlideAnimationTest;
			sourceTree = "<group>";
		};
/* End PBXGroup section */

/* Begin PBXNativeTarget section */
		4692B7352AC48BB700A7FB8F /* SlideAnimationTest */ = {
			isa = PBXNativeTarget;
			buildConfigurationList = 4692B74A2AC48BB800A7FB8F /* Build configuration list for PBXNativeTarget "SlideAnimationTest" */;
			buildPhases = (
				4692B7322AC48BB700A7FB8F /* Sources */,
				4692B7332AC48BB700A7FB8F /* Frameworks */,
				4692B7342AC48BB700A7FB8F /* Resources */,
			);
			buildRules = (
			);
			dependencies = (
			);
			name = SlideAnimationTest;
			productName = ImageSizingAnimation;
			productReference = 4692B7362AC48BB700A7FB8F /* SlideAnimationTest.app */;
			productType = "com.apple.product-type.application";
		};
/* End PBXNativeTarget section */

/* Begin PBXProject section */
		4692B72E2AC48BB700A7FB8F /* Project object */ = {
			isa = PBXProject;
			attributes = {
				BuildIndependentTargetsInParallel = 1;
				LastSwiftUpdateCheck = 1430;
				LastUpgradeCheck = 1430;
				TargetAttributes = {
					4692B7352AC48BB700A7FB8F = {
						CreatedOnToolsVersion = 14.3.1;
					};
				};
			};
			buildConfigurationList = 4692B7312AC48BB700A7FB8F /* Build configuration list for PBXProject "SlideAnimationTest" */;
			compatibilityVersion = "Xcode 14.0";
			developmentRegion = en;
			hasScannedForEncodings = 0;
			knownRegions = (
				en,
				Base,
			);
			mainGroup = 4692B72D2AC48BB700A7FB8F;
			productRefGroup = 4692B7372AC48BB700A7FB8F /* Products */;
			projectDirPath = "";
			projectRoot = "";
			targets = (
				4692B7352AC48BB700A7FB8F /* SlideAnimationTest */,
			);
		};
/* End PBXProject section */

/* Begin PBXResourcesBuildPhase section */
		4692B7342AC48BB700A7FB8F /* Resources */ = {
			isa = PBXResourcesBuildPhase;
			buildActionMask = 2147483647;
			files = (
				4692B7462AC48BB800A7FB8F /* LaunchScreen.storyboard in Resources */,
				4692B7432AC48BB800A7FB8F /* Assets.xcassets in Resources */,
			);
			runOnlyForDeploymentPostprocessing = 0;
		};
/* End PBXResourcesBuildPhase section */

/* Begin PBXSourcesBuildPhase section */
		4692B7322AC48BB700A7FB8F /* Sources */ = {
			isa = PBXSourcesBuildPhase;
			buildActionMask = 2147483647;
			files = (
				46ECA5852B2BC2E000BEB124 /* SlideInAnimation.swift in Sources */,
				46856B352B32091E007B1A9F /* ViewControllerAnimaitonExtensions.swift in Sources */,
				46ECA5832B2BB95900BEB124 /* ViewControllerSecond.swift in Sources */,
				464288072B30EE670091D351 /* ViewControllerThird.swift in Sources */,
				4692B73E2AC48BB700A7FB8F /* ViewControllerFirst.swift in Sources */,
				4692B73A2AC48BB700A7FB8F /* AppDelegate.swift in Sources */,
				4692B73C2AC48BB700A7FB8F /* SceneDelegate.swift in Sources */,
				46856B332B320728007B1A9F /* AnimationProvider.swift in Sources */,
			);
			runOnlyForDeploymentPostprocessing = 0;
		};
/* End PBXSourcesBuildPhase section */

/* Begin PBXVariantGroup section */
		4692B7442AC48BB800A7FB8F /* LaunchScreen.storyboard */ = {
			isa = PBXVariantGroup;
			children = (
				4692B7452AC48BB800A7FB8F /* Base */,
			);
			name = LaunchScreen.storyboard;
			sourceTree = "<group>";
		};
/* End PBXVariantGroup section */

/* Begin XCBuildConfiguration section */
		4692B7482AC48BB800A7FB8F /* Debug */ = {
			isa = XCBuildConfiguration;
			buildSettings = {
				ALWAYS_SEARCH_USER_PATHS = NO;
				CLANG_ANALYZER_NONNULL = YES;
				CLANG_ANALYZER_NUMBER_OBJECT_CONVERSION = YES_AGGRESSIVE;
				CLANG_CXX_LANGUAGE_STANDARD = "gnu++20";
				CLANG_ENABLE_MODULES = YES;
				CLANG_ENABLE_OBJC_ARC = YES;
				CLANG_ENABLE_OBJC_WEAK = YES;
				CLANG_WARN_BLOCK_CAPTURE_AUTORELEASING = YES;
				CLANG_WARN_BOOL_CONVERSION = YES;
				CLANG_WARN_COMMA = YES;
				CLANG_WARN_CONSTANT_CONVERSION = YES;
				CLANG_WARN_DEPRECATED_OBJC_IMPLEMENTATIONS = YES;
				CLANG_WARN_DIRECT_OBJC_ISA_USAGE = YES_ERROR;
				CLANG_WARN_DOCUMENTATION_COMMENTS = YES;
				CLANG_WARN_EMPTY_BODY = YES;
				CLANG_WARN_ENUM_CONVERSION = YES;
				CLANG_WARN_INFINITE_RECURSION = YES;
				CLANG_WARN_INT_CONVERSION = YES;
				CLANG_WARN_NON_LITERAL_NULL_CONVERSION = YES;
				CLANG_WARN_OBJC_IMPLICIT_RETAIN_SELF = YES;
				CLANG_WARN_OBJC_LITERAL_CONVERSION = YES;
				CLANG_WARN_OBJC_ROOT_CLASS = YES_ERROR;
				CLANG_WARN_QUOTED_INCLUDE_IN_FRAMEWORK_HEADER = YES;
				CLANG_WARN_RANGE_LOOP_ANALYSIS = YES;
				CLANG_WARN_STRICT_PROTOTYPES = YES;
				CLANG_WARN_SUSPICIOUS_MOVE = YES;
				CLANG_WARN_UNGUARDED_AVAILABILITY = YES_AGGRESSIVE;
				CLANG_WARN_UNREACHABLE_CODE = YES;
				CLANG_WARN__DUPLICATE_METHOD_MATCH = YES;
				COPY_PHASE_STRIP = NO;
				DEBUG_INFORMATION_FORMAT = dwarf;
				ENABLE_STRICT_OBJC_MSGSEND = YES;
				ENABLE_TESTABILITY = YES;
				GCC_C_LANGUAGE_STANDARD = gnu11;
				GCC_DYNAMIC_NO_PIC = NO;
				GCC_NO_COMMON_BLOCKS = YES;
				GCC_OPTIMIZATION_LEVEL = 0;
				GCC_PREPROCESSOR_DEFINITIONS = (
					"DEBUG=1",
					"$(inherited)",
				);
				GCC_WARN_64_TO_32_BIT_CONVERSION = YES;
				GCC_WARN_ABOUT_RETURN_TYPE = YES_ERROR;
				GCC_WARN_UNDECLARED_SELECTOR = YES;
				GCC_WARN_UNINITIALIZED_AUTOS = YES_AGGRESSIVE;
				GCC_WARN_UNUSED_FUNCTION = YES;
				GCC_WARN_UNUSED_VARIABLE = YES;
				IPHONEOS_DEPLOYMENT_TARGET = 16.4;
				MTL_ENABLE_DEBUG_INFO = INCLUDE_SOURCE;
				MTL_FAST_MATH = YES;
				ONLY_ACTIVE_ARCH = YES;
				SDKROOT = iphoneos;
				SWIFT_ACTIVE_COMPILATION_CONDITIONS = DEBUG;
				SWIFT_OPTIMIZATION_LEVEL = "-Onone";
			};
			name = Debug;
		};
		4692B7492AC48BB800A7FB8F /* Release */ = {
			isa = XCBuildConfiguration;
			buildSettings = {
				ALWAYS_SEARCH_USER_PATHS = NO;
				CLANG_ANALYZER_NONNULL = YES;
				CLANG_ANALYZER_NUMBER_OBJECT_CONVERSION = YES_AGGRESSIVE;
				CLANG_CXX_LANGUAGE_STANDARD = "gnu++20";
				CLANG_ENABLE_MODULES = YES;
				CLANG_ENABLE_OBJC_ARC = YES;
				CLANG_ENABLE_OBJC_WEAK = YES;
				CLANG_WARN_BLOCK_CAPTURE_AUTORELEASING = YES;
				CLANG_WARN_BOOL_CONVERSION = YES;
				CLANG_WARN_COMMA = YES;
				CLANG_WARN_CONSTANT_CONVERSION = YES;
				CLANG_WARN_DEPRECATED_OBJC_IMPLEMENTATIONS = YES;
				CLANG_WARN_DIRECT_OBJC_ISA_USAGE = YES_ERROR;
				CLANG_WARN_DOCUMENTATION_COMMENTS = YES;
				CLANG_WARN_EMPTY_BODY = YES;
				CLANG_WARN_ENUM_CONVERSION = YES;
				CLANG_WARN_INFINITE_RECURSION = YES;
				CLANG_WARN_INT_CONVERSION = YES;
				CLANG_WARN_NON_LITERAL_NULL_CONVERSION = YES;
				CLANG_WARN_OBJC_IMPLICIT_RETAIN_SELF = YES;
				CLANG_WARN_OBJC_LITERAL_CONVERSION = YES;
				CLANG_WARN_OBJC_ROOT_CLASS = YES_ERROR;
				CLANG_WARN_QUOTED_INCLUDE_IN_FRAMEWORK_HEADER = YES;
				CLANG_WARN_RANGE_LOOP_ANALYSIS = YES;
				CLANG_WARN_STRICT_PROTOTYPES = YES;
				CLANG_WARN_SUSPICIOUS_MOVE = YES;
				CLANG_WARN_UNGUARDED_AVAILABILITY = YES_AGGRESSIVE;
				CLANG_WARN_UNREACHABLE_CODE = YES;
				CLANG_WARN__DUPLICATE_METHOD_MATCH = YES;
				COPY_PHASE_STRIP = NO;
				DEBUG_INFORMATION_FORMAT = "dwarf-with-dsym";
				ENABLE_NS_ASSERTIONS = NO;
				ENABLE_STRICT_OBJC_MSGSEND = YES;
				GCC_C_LANGUAGE_STANDARD = gnu11;
				GCC_NO_COMMON_BLOCKS = YES;
				GCC_WARN_64_TO_32_BIT_CONVERSION = YES;
				GCC_WARN_ABOUT_RETURN_TYPE = YES_ERROR;
				GCC_WARN_UNDECLARED_SELECTOR = YES;
				GCC_WARN_UNINITIALIZED_AUTOS = YES_AGGRESSIVE;
				GCC_WARN_UNUSED_FUNCTION = YES;
				GCC_WARN_UNUSED_VARIABLE = YES;
				IPHONEOS_DEPLOYMENT_TARGET = 16.4;
				MTL_ENABLE_DEBUG_INFO = NO;
				MTL_FAST_MATH = YES;
				SDKROOT = iphoneos;
				SWIFT_COMPILATION_MODE = wholemodule;
				SWIFT_OPTIMIZATION_LEVEL = "-O";
				VALIDATE_PRODUCT = YES;
			};
			name = Release;
		};
		4692B74B2AC48BB800A7FB8F /* Debug */ = {
			isa = XCBuildConfiguration;
			buildSettings = {
				ASSETCATALOG_COMPILER_APPICON_NAME = AppIcon;
				ASSETCATALOG_COMPILER_GLOBAL_ACCENT_COLOR_NAME = AccentColor;
				CODE_SIGN_STYLE = Automatic;
				CURRENT_PROJECT_VERSION = 1;
				DEVELOPMENT_TEAM = K4ACR28WR6;
				GENERATE_INFOPLIST_FILE = YES;
				INFOPLIST_FILE = SlideAnimationTest/Info.plist;
				INFOPLIST_KEY_UIApplicationSupportsIndirectInputEvents = YES;
				INFOPLIST_KEY_UILaunchStoryboardName = LaunchScreen;
				INFOPLIST_KEY_UISupportedInterfaceOrientations_iPad = "UIInterfaceOrientationPortrait UIInterfaceOrientationPortraitUpsideDown UIInterfaceOrientationLandscapeLeft UIInterfaceOrientationLandscapeRight";
				INFOPLIST_KEY_UISupportedInterfaceOrientations_iPhone = "UIInterfaceOrientationPortrait UIInterfaceOrientationLandscapeLeft UIInterfaceOrientationLandscapeRight";
				LD_RUNPATH_SEARCH_PATHS = (
					"$(inherited)",
					"@executable_path/Frameworks",
				);
				MARKETING_VERSION = 1.0;
				PRODUCT_BUNDLE_IDENTIFIER = bylines.SlideAnimationTest;
				PRODUCT_NAME = "$(TARGET_NAME)";
				SWIFT_EMIT_LOC_STRINGS = YES;
				SWIFT_VERSION = 5.0;
				TARGETED_DEVICE_FAMILY = "1,2";
			};
			name = Debug;
		};
		4692B74C2AC48BB800A7FB8F /* Release */ = {
			isa = XCBuildConfiguration;
			buildSettings = {
				ASSETCATALOG_COMPILER_APPICON_NAME = AppIcon;
				ASSETCATALOG_COMPILER_GLOBAL_ACCENT_COLOR_NAME = AccentColor;
				CODE_SIGN_STYLE = Automatic;
				CURRENT_PROJECT_VERSION = 1;
				DEVELOPMENT_TEAM = K4ACR28WR6;
				GENERATE_INFOPLIST_FILE = YES;
				INFOPLIST_FILE = SlideAnimationTest/Info.plist;
				INFOPLIST_KEY_UIApplicationSupportsIndirectInputEvents = YES;
				INFOPLIST_KEY_UILaunchStoryboardName = LaunchScreen;
				INFOPLIST_KEY_UISupportedInterfaceOrientations_iPad = "UIInterfaceOrientationPortrait UIInterfaceOrientationPortraitUpsideDown UIInterfaceOrientationLandscapeLeft UIInterfaceOrientationLandscapeRight";
				INFOPLIST_KEY_UISupportedInterfaceOrientations_iPhone = "UIInterfaceOrientationPortrait UIInterfaceOrientationLandscapeLeft UIInterfaceOrientationLandscapeRight";
				LD_RUNPATH_SEARCH_PATHS = (
					"$(inherited)",
					"@executable_path/Frameworks",
				);
				MARKETING_VERSION = 1.0;
				PRODUCT_BUNDLE_IDENTIFIER = bylines.SlideAnimationTest;
				PRODUCT_NAME = "$(TARGET_NAME)";
				SWIFT_EMIT_LOC_STRINGS = YES;
				SWIFT_VERSION = 5.0;
				TARGETED_DEVICE_FAMILY = "1,2";
			};
			name = Release;
		};
/* End XCBuildConfiguration section */

/* Begin XCConfigurationList section */
		4692B7312AC48BB700A7FB8F /* Build configuration list for PBXProject "SlideAnimationTest" */ = {
			isa = XCConfigurationList;
			buildConfigurations = (
				4692B7482AC48BB800A7FB8F /* Debug */,
				4692B7492AC48BB800A7FB8F /* Release */,
			);
			defaultConfigurationIsVisible = 0;
			defaultConfigurationName = Release;
		};
		4692B74A2AC48BB800A7FB8F /* Build configuration list for PBXNativeTarget "SlideAnimationTest" */ = {
			isa = XCConfigurationList;
			buildConfigurations = (
				4692B74B2AC48BB800A7FB8F /* Debug */,
				4692B74C2AC48BB800A7FB8F /* Release */,
			);
			defaultConfigurationIsVisible = 0;
			defaultConfigurationName = Release;
		};
/* End XCConfigurationList section */
	};
	rootObject = 4692B72E2AC48BB700A7FB8F /* Project object */;
}
